Microsoft Visual Studio Solution File, Format Version 12.00
# Visual Studio Version 17
VisualStudioVersion = 17.5.2.0
MinimumVisualStudioVersion = 10.0.40219.1
Project("{FAE04EC0-301F-11D3-BF4B-00C04F79EFBC}") = "miguel", "miguel\miguel.csproj", "{AB2DAD74-0325-2AF7-D6BF-FBBF0F1070A6}"
EndProject
Global
	GlobalSection(SolutionConfigurationPlatforms) = preSolution
		Debug|Any CPU = Debug|Any CPU
		Release|Any CPU = Release|Any CPU
	EndGlobalSection
	GlobalSection(ProjectConfigurationPlatforms) = postSolution
		{AB2DAD74-0325-2AF7-D6BF-FBBF0F1070A6}.Debug|Any CPU.ActiveCfg = Debug|Any CPU
		{AB2DAD74-0325-2AF7-D6BF-FBBF0F1070A6}.Debug|Any CPU.Build.0 = Debug|Any CPU
		{AB2DAD74-0325-2AF7-D6BF-FBBF0F1070A6}.Release|Any CPU.ActiveCfg = Release|Any CPU
		{AB2DAD74-0325-2AF7-D6BF-FBBF0F1070A6}.Release|Any CPU.Build.0 = Release|Any CPU
	EndGlobalSection
	GlobalSection(SolutionProperties) = preSolution
		HideSolutionNode = FALSE
	EndGlobalSection
	GlobalSection(ExtensibilityGlobals) = postSolution
		SolutionGuid = {7EBB54C4-F172-4D8A-A858-DBBA49A4476A}
	EndGlobalSection
EndGlobal
